
Microsoft Visual Studio Solution File, Format Version 12.00
# Visual Studio Version 17
VisualStudioVersion = 17.6.33723.286
MinimumVisualStudioVersion = 10.0.40219.1
Project("{FAE04EC0-301F-11D3-BF4B-00C04F79EFBC}") = "CoreStreamEncryption", "CoreStreamEncryption\CoreStreamEncryption.csproj", "{30FBFF07-00B1-44A8-BA6B-AD57C8D1BF67}"
EndProject
Project("{FAE04EC0-301F-11D3-BF4B-00C04F79EFBC}") = "MSTests", "MSTests\MSTests.csproj", "{A906F2D2-F98D-49AF-BBE8-0785EEB700AB}"
EndProject
Project("{2150E333-8FDC-42A3-9474-1A3956D46DE8}") = "App", "App", "{E5520FD2-A1A5-4BD5-BA7F-28816E8E710D}"
EndProject
Project("{2150E333-8FDC-42A3-9474-1A3956D46DE8}") = "Submodules", "Submodules", "{E041906D-6E49-4A58-9E6C-3158A11CA8CA}"
EndProject
Project("{2150E333-8FDC-42A3-9474-1A3956D46DE8}") = "Console", "Console", "{C1150C9E-F50D-4BD0-A6A9-6F654D9D18D1}"
EndProject
Project("{2150E333-8FDC-42A3-9474-1A3956D46DE8}") = "Work", "Work", "{F97AAF54-1456-4404-B960-A189C25DC387}"
EndProject
Project("{9A19103F-16F7-4668-BE54-9A1E7A4F7556}") = "ConsoleLibrary", "Submodules\ConsoleLibrary\Library\Console\ConsoleLibrary\ConsoleLibrary.csproj", "{E2289F43-47FA-47F7-941C-6A7F211E3C3C}"
EndProject
Project("{FAE04EC0-301F-11D3-BF4B-00C04F79EFBC}") = "ConsoleLibrary.Droid", "Submodules\ConsoleLibrary\Library\Console\ConsoleLibrary.Droid\ConsoleLibrary.Droid.csproj", "{BF45690B-9DD8-4E8A-9D41-0BEC309F2795}"
EndProject
Project("{FAE04EC0-301F-11D3-BF4B-00C04F79EFBC}") = "ConsoleLibrary.UWP", "Submodules\ConsoleLibrary\Library\Console\ConsoleLibrary.UWP\ConsoleLibrary.UWP.csproj", "{014506A7-2013-4A74-B50E-BE9D52C643B2}"
EndProject
Project("{9A19103F-16F7-4668-BE54-9A1E7A4F7556}") = "WorkInvoker", "Submodules\ConsoleLibrary\Library\Work\WorkInvoker\WorkInvoker.csproj", "{99461EF9-1AF5-4648-9FA6-EB5B55C960B3}"
EndProject
Project("{FAE04EC0-301F-11D3-BF4B-00C04F79EFBC}") = "StreamEncryptionApp.UWP", "App\StreamEncryptionApp\StreamEncryptionApp.UWP\StreamEncryptionApp.UWP.csproj", "{56B446C2-9C40-4CEE-A912-2B6C0A2ADCBB}"
EndProject
Project("{FAE04EC0-301F-11D3-BF4B-00C04F79EFBC}") = "StreamEncryptionApp.Android", "App\StreamEncryptionApp\StreamEncryptionApp.Android\StreamEncryptionApp.Android.csproj", "{7E674BE2-11E5-4ECF-A08D-9282FEDF2043}"
EndProject
Project("{FAE04EC0-301F-11D3-BF4B-00C04F79EFBC}") = "StreamEncryptionApp", "App\StreamEncryptionApp\StreamEncryptionApp\StreamEncryptionApp.csproj", "{68752495-0CA4-4156-81A2-85889B359BD0}"
EndProject
Project("{FAE04EC0-301F-11D3-BF4B-00C04F79EFBC}") = "SharedWorksStreamEncryption", "SharedWorksStreamEncryption\SharedWorksStreamEncryption.csproj", "{28048F12-82E4-41AB-9B65-C201BF199C8E}"
EndProject
Global
	GlobalSection(SolutionConfigurationPlatforms) = preSolution
		Debug|Any CPU = Debug|Any CPU
		Debug|ARM = Debug|ARM
		Debug|ARM64 = Debug|ARM64
		Debug|x64 = Debug|x64
		Debug|x86 = Debug|x86
		Release|Any CPU = Release|Any CPU
		Release|ARM = Release|ARM
		Release|ARM64 = Release|ARM64
		Release|x64 = Release|x64
		Release|x86 = Release|x86
	EndGlobalSection
	GlobalSection(ProjectConfigurationPlatforms) = postSolution
		{30FBFF07-00B1-44A8-BA6B-AD57C8D1BF67}.Debug|Any CPU.ActiveCfg = Debug|Any CPU
		{30FBFF07-00B1-44A8-BA6B-AD57C8D1BF67}.Debug|Any CPU.Build.0 = Debug|Any CPU
		{30FBFF07-00B1-44A8-BA6B-AD57C8D1BF67}.Debug|ARM.ActiveCfg = Debug|Any CPU
		{30FBFF07-00B1-44A8-BA6B-AD57C8D1BF67}.Debug|ARM.Build.0 = Debug|Any CPU
		{30FBFF07-00B1-44A8-BA6B-AD57C8D1BF67}.Debug|ARM64.ActiveCfg = Debug|Any CPU
		{30FBFF07-00B1-44A8-BA6B-AD57C8D1BF67}.Debug|ARM64.Build.0 = Debug|Any CPU
		{30FBFF07-00B1-44A8-BA6B-AD57C8D1BF67}.Debug|x64.ActiveCfg = Debug|Any CPU
		{30FBFF07-00B1-44A8-BA6B-AD57C8D1BF67}.Debug|x64.Build.0 = Debug|Any CPU
		{30FBFF07-00B1-44A8-BA6B-AD57C8D1BF67}.Debug|x86.ActiveCfg = Debug|Any CPU
		{30FBFF07-00B1-44A8-BA6B-AD57C8D1BF67}.Debug|x86.Build.0 = Debug|Any CPU
		{30FBFF07-00B1-44A8-BA6B-AD57C8D1BF67}.Release|Any CPU.ActiveCfg = Release|Any CPU
		{30FBFF07-00B1-44A8-BA6B-AD57C8D1BF67}.Release|Any CPU.Build.0 = Release|Any CPU
		{30FBFF07-00B1-44A8-BA6B-AD57C8D1BF67}.Release|ARM.ActiveCfg = Release|Any CPU
		{30FBFF07-00B1-44A8-BA6B-AD57C8D1BF67}.Release|ARM.Build.0 = Release|Any CPU
		{30FBFF07-00B1-44A8-BA6B-AD57C8D1BF67}.Release|ARM64.ActiveCfg = Release|Any CPU
		{30FBFF07-00B1-44A8-BA6B-AD57C8D1BF67}.Release|ARM64.Build.0 = Release|Any CPU
		{30FBFF07-00B1-44A8-BA6B-AD57C8D1BF67}.Release|x64.ActiveCfg = Release|Any CPU
		{30FBFF07-00B1-44A8-BA6B-AD57C8D1BF67}.Release|x64.Build.0 = Release|Any CPU
		{30FBFF07-00B1-44A8-BA6B-AD57C8D1BF67}.Release|x86.ActiveCfg = Release|Any CPU
		{30FBFF07-00B1-44A8-BA6B-AD57C8D1BF67}.Release|x86.Build.0 = Release|Any CPU
		{A906F2D2-F98D-49AF-BBE8-0785EEB700AB}.Debug|Any CPU.ActiveCfg = Debug|Any CPU
		{A906F2D2-F98D-49AF-BBE8-0785EEB700AB}.Debug|Any CPU.Build.0 = Debug|Any CPU
		{A906F2D2-F98D-49AF-BBE8-0785EEB700AB}.Debug|ARM.ActiveCfg = Debug|Any CPU
		{A906F2D2-F98D-49AF-BBE8-0785EEB700AB}.Debug|ARM.Build.0 = Debug|Any CPU
		{A906F2D2-F98D-49AF-BBE8-0785EEB700AB}.Debug|ARM64.ActiveCfg = Debug|Any CPU
		{A906F2D2-F98D-49AF-BBE8-0785EEB700AB}.Debug|ARM64.Build.0 = Debug|Any CPU
		{A906F2D2-F98D-49AF-BBE8-0785EEB700AB}.Debug|x64.ActiveCfg = Debug|Any CPU
		{A906F2D2-F98D-49AF-BBE8-0785EEB700AB}.Debug|x64.Build.0 = Debug|Any CPU
		{A906F2D2-F98D-49AF-BBE8-0785EEB700AB}.Debug|x86.ActiveCfg = Debug|Any CPU
		{A906F2D2-F98D-49AF-BBE8-0785EEB700AB}.Debug|x86.Build.0 = Debug|Any CPU
		{A906F2D2-F98D-49AF-BBE8-0785EEB700AB}.Release|Any CPU.ActiveCfg = Release|Any CPU
		{A906F2D2-F98D-49AF-BBE8-0785EEB700AB}.Release|Any CPU.Build.0 = Release|Any CPU
		{A906F2D2-F98D-49AF-BBE8-0785EEB700AB}.Release|ARM.ActiveCfg = Release|Any CPU
		{A906F2D2-F98D-49AF-BBE8-0785EEB700AB}.Release|ARM.Build.0 = Release|Any CPU
		{A906F2D2-F98D-49AF-BBE8-0785EEB700AB}.Release|ARM64.ActiveCfg = Release|Any CPU
		{A906F2D2-F98D-49AF-BBE8-0785EEB700AB}.Release|ARM64.Build.0 = Release|Any CPU
		{A906F2D2-F98D-49AF-BBE8-0785EEB700AB}.Release|x64.ActiveCfg = Release|Any CPU
		{A906F2D2-F98D-49AF-BBE8-0785EEB700AB}.Release|x64.Build.0 = Release|Any CPU
		{A906F2D2-F98D-49AF-BBE8-0785EEB700AB}.Release|x86.ActiveCfg = Release|Any CPU
		{A906F2D2-F98D-49AF-BBE8-0785EEB700AB}.Release|x86.Build.0 = Release|Any CPU
		{E2289F43-47FA-47F7-941C-6A7F211E3C3C}.Debug|Any CPU.ActiveCfg = Debug|Any CPU
		{E2289F43-47FA-47F7-941C-6A7F211E3C3C}.Debug|Any CPU.Build.0 = Debug|Any CPU
		{E2289F43-47FA-47F7-941C-6A7F211E3C3C}.Debug|ARM.ActiveCfg = Debug|Any CPU
		{E2289F43-47FA-47F7-941C-6A7F211E3C3C}.Debug|ARM.Build.0 = Debug|Any CPU
		{E2289F43-47FA-47F7-941C-6A7F211E3C3C}.Debug|ARM64.ActiveCfg = Debug|Any CPU
		{E2289F43-47FA-47F7-941C-6A7F211E3C3C}.Debug|ARM64.Build.0 = Debug|Any CPU
		{E2289F43-47FA-47F7-941C-6A7F211E3C3C}.Debug|x64.ActiveCfg = Debug|Any CPU
		{E2289F43-47FA-47F7-941C-6A7F211E3C3C}.Debug|x64.Build.0 = Debug|Any CPU
		{E2289F43-47FA-47F7-941C-6A7F211E3C3C}.Debug|x86.ActiveCfg = Debug|Any CPU
		{E2289F43-47FA-47F7-941C-6A7F211E3C3C}.Debug|x86.Build.0 = Debug|Any CPU
		{E2289F43-47FA-47F7-941C-6A7F211E3C3C}.Release|Any CPU.ActiveCfg = Release|Any CPU
		{E2289F43-47FA-47F7-941C-6A7F211E3C3C}.Release|Any CPU.Build.0 = Release|Any CPU
		{E2289F43-47FA-47F7-941C-6A7F211E3C3C}.Release|ARM.ActiveCfg = Release|Any CPU
		{E2289F43-47FA-47F7-941C-6A7F211E3C3C}.Release|ARM.Build.0 = Release|Any CPU
		{E2289F43-47FA-47F7-941C-6A7F211E3C3C}.Release|ARM64.ActiveCfg = Release|Any CPU
		{E2289F43-47FA-47F7-941C-6A7F211E3C3C}.Release|ARM64.Build.0 = Release|Any CPU
		{E2289F43-47FA-47F7-941C-6A7F211E3C3C}.Release|x64.ActiveCfg = Release|Any CPU
		{E2289F43-47FA-47F7-941C-6A7F211E3C3C}.Release|x64.Build.0 = Release|Any CPU
		{E2289F43-47FA-47F7-941C-6A7F211E3C3C}.Release|x86.ActiveCfg = Release|Any CPU
		{E2289F43-47FA-47F7-941C-6A7F211E3C3C}.Release|x86.Build.0 = Release|Any CPU
		{BF45690B-9DD8-4E8A-9D41-0BEC309F2795}.Debug|Any CPU.ActiveCfg = Debug|Any CPU
		{BF45690B-9DD8-4E8A-9D41-0BEC309F2795}.Debug|Any CPU.Build.0 = Debug|Any CPU
		{BF45690B-9DD8-4E8A-9D41-0BEC309F2795}.Debug|ARM.ActiveCfg = Debug|Any CPU
		{BF45690B-9DD8-4E8A-9D41-0BEC309F2795}.Debug|ARM.Build.0 = Debug|Any CPU
		{BF45690B-9DD8-4E8A-9D41-0BEC309F2795}.Debug|ARM64.ActiveCfg = Debug|Any CPU
		{BF45690B-9DD8-4E8A-9D41-0BEC309F2795}.Debug|ARM64.Build.0 = Debug|Any CPU
		{BF45690B-9DD8-4E8A-9D41-0BEC309F2795}.Debug|x64.ActiveCfg = Debug|Any CPU
		{BF45690B-9DD8-4E8A-9D41-0BEC309F2795}.Debug|x64.Build.0 = Debug|Any CPU
		{BF45690B-9DD8-4E8A-9D41-0BEC309F2795}.Debug|x86.ActiveCfg = Debug|Any CPU
		{BF45690B-9DD8-4E8A-9D41-0BEC309F2795}.Debug|x86.Build.0 = Debug|Any CPU
		{BF45690B-9DD8-4E8A-9D41-0BEC309F2795}.Release|Any CPU.ActiveCfg = Release|Any CPU
		{BF45690B-9DD8-4E8A-9D41-0BEC309F2795}.Release|Any CPU.Build.0 = Release|Any CPU
		{BF45690B-9DD8-4E8A-9D41-0BEC309F2795}.Release|ARM.ActiveCfg = Release|Any CPU
		{BF45690B-9DD8-4E8A-9D41-0BEC309F2795}.Release|ARM.Build.0 = Release|Any CPU
		{BF45690B-9DD8-4E8A-9D41-0BEC309F2795}.Release|ARM64.ActiveCfg = Release|Any CPU
		{BF45690B-9DD8-4E8A-9D41-0BEC309F2795}.Release|ARM64.Build.0 = Release|Any CPU
		{BF45690B-9DD8-4E8A-9D41-0BEC309F2795}.Release|x64.ActiveCfg = Release|Any CPU
		{BF45690B-9DD8-4E8A-9D41-0BEC309F2795}.Release|x64.Build.0 = Release|Any CPU
		{BF45690B-9DD8-4E8A-9D41-0BEC309F2795}.Release|x86.ActiveCfg = Release|Any CPU
		{BF45690B-9DD8-4E8A-9D41-0BEC309F2795}.Release|x86.Build.0 = Release|Any CPU
		{014506A7-2013-4A74-B50E-BE9D52C643B2}.Debug|Any CPU.ActiveCfg = Debug|Any CPU
		{014506A7-2013-4A74-B50E-BE9D52C643B2}.Debug|Any CPU.Build.0 = Debug|Any CPU
		{014506A7-2013-4A74-B50E-BE9D52C643B2}.Debug|ARM.ActiveCfg = Debug|ARM
		{014506A7-2013-4A74-B50E-BE9D52C643B2}.Debug|ARM.Build.0 = Debug|ARM
		{014506A7-2013-4A74-B50E-BE9D52C643B2}.Debug|ARM64.ActiveCfg = Debug|ARM64
		{014506A7-2013-4A74-B50E-BE9D52C643B2}.Debug|ARM64.Build.0 = Debug|ARM64
		{014506A7-2013-4A74-B50E-BE9D52C643B2}.Debug|x64.ActiveCfg = Debug|x64
		{014506A7-2013-4A74-B50E-BE9D52C643B2}.Debug|x64.Build.0 = Debug|x64
		{014506A7-2013-4A74-B50E-BE9D52C643B2}.Debug|x86.ActiveCfg = Debug|x86
		{014506A7-2013-4A74-B50E-BE9D52C643B2}.Debug|x86.Build.0 = Debug|x86
		{014506A7-2013-4A74-B50E-BE9D52C643B2}.Release|Any CPU.ActiveCfg = Release|Any CPU
		{014506A7-2013-4A74-B50E-BE9D52C643B2}.Release|Any CPU.Build.0 = Release|Any CPU
		{014506A7-2013-4A74-B50E-BE9D52C643B2}.Release|ARM.ActiveCfg = Release|ARM
		{014506A7-2013-4A74-B50E-BE9D52C643B2}.Release|ARM.Build.0 = Release|ARM
		{014506A7-2013-4A74-B50E-BE9D52C643B2}.Release|ARM64.ActiveCfg = Release|ARM64
		{014506A7-2013-4A74-B50E-BE9D52C643B2}.Release|ARM64.Build.0 = Release|ARM64
		{014506A7-2013-4A74-B50E-BE9D52C643B2}.Release|x64.ActiveCfg = Release|x64
		{014506A7-2013-4A74-B50E-BE9D52C643B2}.Release|x64.Build.0 = Release|x64
		{014506A7-2013-4A74-B50E-BE9D52C643B2}.Release|x86.ActiveCfg = Release|x86
		{014506A7-2013-4A74-B50E-BE9D52C643B2}.Release|x86.Build.0 = Release|x86
		{99461EF9-1AF5-4648-9FA6-EB5B55C960B3}.Debug|Any CPU.ActiveCfg = Debug|Any CPU
		{99461EF9-1AF5-4648-9FA6-EB5B55C960B3}.Debug|Any CPU.Build.0 = Debug|Any CPU
		{99461EF9-1AF5-4648-9FA6-EB5B55C960B3}.Debug|ARM.ActiveCfg = Debug|Any CPU
		{99461EF9-1AF5-4648-9FA6-EB5B55C960B3}.Debug|ARM.Build.0 = Debug|Any CPU
		{99461EF9-1AF5-4648-9FA6-EB5B55C960B3}.Debug|ARM64.ActiveCfg = Debug|Any CPU
		{99461EF9-1AF5-4648-9FA6-EB5B55C960B3}.Debug|ARM64.Build.0 = Debug|Any CPU
		{99461EF9-1AF5-4648-9FA6-EB5B55C960B3}.Debug|x64.ActiveCfg = Debug|Any CPU
		{99461EF9-1AF5-4648-9FA6-EB5B55C960B3}.Debug|x64.Build.0 = Debug|Any CPU
		{99461EF9-1AF5-4648-9FA6-EB5B55C960B3}.Debug|x86.ActiveCfg = Debug|Any CPU
		{99461EF9-1AF5-4648-9FA6-EB5B55C960B3}.Debug|x86.Build.0 = Debug|Any CPU
		{99461EF9-1AF5-4648-9FA6-EB5B55C960B3}.Release|Any CPU.ActiveCfg = Release|Any CPU
		{99461EF9-1AF5-4648-9FA6-EB5B55C960B3}.Release|Any CPU.Build.0 = Release|Any CPU
		{99461EF9-1AF5-4648-9FA6-EB5B55C960B3}.Release|ARM.ActiveCfg = Release|Any CPU
		{99461EF9-1AF5-4648-9FA6-EB5B55C960B3}.Release|ARM.Build.0 = Release|Any CPU
		{99461EF9-1AF5-4648-9FA6-EB5B55C960B3}.Release|ARM64.ActiveCfg = Release|Any CPU
		{99461EF9-1AF5-4648-9FA6-EB5B55C960B3}.Release|ARM64.Build.0 = Release|Any CPU
		{99461EF9-1AF5-4648-9FA6-EB5B55C960B3}.Release|x64.ActiveCfg = Release|Any CPU
		{99461EF9-1AF5-4648-9FA6-EB5B55C960B3}.Release|x64.Build.0 = Release|Any CPU
		{99461EF9-1AF5-4648-9FA6-EB5B55C960B3}.Release|x86.ActiveCfg = Release|Any CPU
		{99461EF9-1AF5-4648-9FA6-EB5B55C960B3}.Release|x86.Build.0 = Release|Any CPU
		{56B446C2-9C40-4CEE-A912-2B6C0A2ADCBB}.Debug|Any CPU.ActiveCfg = Debug|x64
		{56B446C2-9C40-4CEE-A912-2B6C0A2ADCBB}.Debug|Any CPU.Build.0 = Debug|x64
		{56B446C2-9C40-4CEE-A912-2B6C0A2ADCBB}.Debug|Any CPU.Deploy.0 = Debug|x64
		{56B446C2-9C40-4CEE-A912-2B6C0A2ADCBB}.Debug|ARM.ActiveCfg = Debug|ARM
		{56B446C2-9C40-4CEE-A912-2B6C0A2ADCBB}.Debug|ARM.Build.0 = Debug|ARM
		{56B446C2-9C40-4CEE-A912-2B6C0A2ADCBB}.Debug|ARM.Deploy.0 = Debug|ARM
		{56B446C2-9C40-4CEE-A912-2B6C0A2ADCBB}.Debug|ARM64.ActiveCfg = Debug|x64
		{56B446C2-9C40-4CEE-A912-2B6C0A2ADCBB}.Debug|ARM64.Build.0 = Debug|x64
		{56B446C2-9C40-4CEE-A912-2B6C0A2ADCBB}.Debug|ARM64.Deploy.0 = Debug|x64
		{56B446C2-9C40-4CEE-A912-2B6C0A2ADCBB}.Debug|x64.ActiveCfg = Debug|x64
		{56B446C2-9C40-4CEE-A912-2B6C0A2ADCBB}.Debug|x64.Build.0 = Debug|x64
		{56B446C2-9C40-4CEE-A912-2B6C0A2ADCBB}.Debug|x64.Deploy.0 = Debug|x64
		{56B446C2-9C40-4CEE-A912-2B6C0A2ADCBB}.Debug|x86.ActiveCfg = Debug|x86
		{56B446C2-9C40-4CEE-A912-2B6C0A2ADCBB}.Debug|x86.Build.0 = Debug|x86
		{56B446C2-9C40-4CEE-A912-2B6C0A2ADCBB}.Debug|x86.Deploy.0 = Debug|x86
		{56B446C2-9C40-4CEE-A912-2B6C0A2ADCBB}.Release|Any CPU.ActiveCfg = Release|x64
		{56B446C2-9C40-4CEE-A912-2B6C0A2ADCBB}.Release|Any CPU.Build.0 = Release|x64
		{56B446C2-9C40-4CEE-A912-2B6C0A2ADCBB}.Release|Any CPU.Deploy.0 = Release|x64
		{56B446C2-9C40-4CEE-A912-2B6C0A2ADCBB}.Release|ARM.ActiveCfg = Release|ARM
		{56B446C2-9C40-4CEE-A912-2B6C0A2ADCBB}.Release|ARM.Build.0 = Release|ARM
		{56B446C2-9C40-4CEE-A912-2B6C0A2ADCBB}.Release|ARM.Deploy.0 = Release|ARM
		{56B446C2-9C40-4CEE-A912-2B6C0A2ADCBB}.Release|ARM64.ActiveCfg = Release|x64
		{56B446C2-9C40-4CEE-A912-2B6C0A2ADCBB}.Release|ARM64.Build.0 = Release|x64
		{56B446C2-9C40-4CEE-A912-2B6C0A2ADCBB}.Release|ARM64.Deploy.0 = Release|x64
		{56B446C2-9C40-4CEE-A912-2B6C0A2ADCBB}.Release|x64.ActiveCfg = Release|x64
		{56B446C2-9C40-4CEE-A912-2B6C0A2ADCBB}.Release|x64.Build.0 = Release|x64
		{56B446C2-9C40-4CEE-A912-2B6C0A2ADCBB}.Release|x64.Deploy.0 = Release|x64
		{56B446C2-9C40-4CEE-A912-2B6C0A2ADCBB}.Release|x86.ActiveCfg = Release|x86
		{56B446C2-9C40-4CEE-A912-2B6C0A2ADCBB}.Release|x86.Build.0 = Release|x86
		{56B446C2-9C40-4CEE-A912-2B6C0A2ADCBB}.Release|x86.Deploy.0 = Release|x86
		{7E674BE2-11E5-4ECF-A08D-9282FEDF2043}.Debug|Any CPU.ActiveCfg = Debug|Any CPU
		{7E674BE2-11E5-4ECF-A08D-9282FEDF2043}.Debug|Any CPU.Build.0 = Debug|Any CPU
		{7E674BE2-11E5-4ECF-A08D-9282FEDF2043}.Debug|Any CPU.Deploy.0 = Debug|Any CPU
		{7E674BE2-11E5-4ECF-A08D-9282FEDF2043}.Debug|ARM.ActiveCfg = Debug|Any CPU
		{7E674BE2-11E5-4ECF-A08D-9282FEDF2043}.Debug|ARM.Build.0 = Debug|Any CPU
		{7E674BE2-11E5-4ECF-A08D-9282FEDF2043}.Debug|ARM.Deploy.0 = Debug|Any CPU
		{7E674BE2-11E5-4ECF-A08D-9282FEDF2043}.Debug|ARM64.ActiveCfg = Debug|Any CPU
		{7E674BE2-11E5-4ECF-A08D-9282FEDF2043}.Debug|ARM64.Build.0 = Debug|Any CPU
		{7E674BE2-11E5-4ECF-A08D-9282FEDF2043}.Debug|ARM64.Deploy.0 = Debug|Any CPU
		{7E674BE2-11E5-4ECF-A08D-9282FEDF2043}.Debug|x64.ActiveCfg = Debug|Any CPU
		{7E674BE2-11E5-4ECF-A08D-9282FEDF2043}.Debug|x64.Build.0 = Debug|Any CPU
		{7E674BE2-11E5-4ECF-A08D-9282FEDF2043}.Debug|x64.Deploy.0 = Debug|Any CPU
		{7E674BE2-11E5-4ECF-A08D-9282FEDF2043}.Debug|x86.ActiveCfg = Debug|Any CPU
		{7E674BE2-11E5-4ECF-A08D-9282FEDF2043}.Debug|x86.Build.0 = Debug|Any CPU
		{7E674BE2-11E5-4ECF-A08D-9282FEDF2043}.Debug|x86.Deploy.0 = Debug|Any CPU
		{7E674BE2-11E5-4ECF-A08D-9282FEDF2043}.Release|Any CPU.ActiveCfg = Release|Any CPU
		{7E674BE2-11E5-4ECF-A08D-9282FEDF2043}.Release|Any CPU.Build.0 = Release|Any CPU
		{7E674BE2-11E5-4ECF-A08D-9282FEDF2043}.Release|Any CPU.Deploy.0 = Release|Any CPU
		{7E674BE2-11E5-4ECF-A08D-9282FEDF2043}.Release|ARM.ActiveCfg = Release|Any CPU
		{7E674BE2-11E5-4ECF-A08D-9282FEDF2043}.Release|ARM.Build.0 = Release|Any CPU
		{7E674BE2-11E5-4ECF-A08D-9282FEDF2043}.Release|ARM.Deploy.0 = Release|Any CPU
		{7E674BE2-11E5-4ECF-A08D-9282FEDF2043}.Release|ARM64.ActiveCfg = Release|Any CPU
		{7E674BE2-11E5-4ECF-A08D-9282FEDF2043}.Release|ARM64.Build.0 = Release|Any CPU
		{7E674BE2-11E5-4ECF-A08D-9282FEDF2043}.Release|ARM64.Deploy.0 = Release|Any CPU
		{7E674BE2-11E5-4ECF-A08D-9282FEDF2043}.Release|x64.ActiveCfg = Release|Any CPU
		{7E674BE2-11E5-4ECF-A08D-9282FEDF2043}.Release|x64.Build.0 = Release|Any CPU
		{7E674BE2-11E5-4ECF-A08D-9282FEDF2043}.Release|x64.Deploy.0 = Release|Any CPU
		{7E674BE2-11E5-4ECF-A08D-9282FEDF2043}.Release|x86.ActiveCfg = Release|Any CPU
		{7E674BE2-11E5-4ECF-A08D-9282FEDF2043}.Release|x86.Build.0 = Release|Any CPU
		{7E674BE2-11E5-4ECF-A08D-9282FEDF2043}.Release|x86.Deploy.0 = Release|Any CPU
		{68752495-0CA4-4156-81A2-85889B359BD0}.Debug|Any CPU.ActiveCfg = Debug|Any CPU
		{68752495-0CA4-4156-81A2-85889B359BD0}.Debug|Any CPU.Build.0 = Debug|Any CPU
		{68752495-0CA4-4156-81A2-85889B359BD0}.Debug|ARM.ActiveCfg = Debug|Any CPU
		{68752495-0CA4-4156-81A2-85889B359BD0}.Debug|ARM.Build.0 = Debug|Any CPU
		{68752495-0CA4-4156-81A2-85889B359BD0}.Debug|ARM64.ActiveCfg = Debug|Any CPU
		{68752495-0CA4-4156-81A2-85889B359BD0}.Debug|ARM64.Build.0 = Debug|Any CPU
		{68752495-0CA4-4156-81A2-85889B359BD0}.Debug|x64.ActiveCfg = Debug|Any CPU
		{68752495-0CA4-4156-81A2-85889B359BD0}.Debug|x64.Build.0 = Debug|Any CPU
		{68752495-0CA4-4156-81A2-85889B359BD0}.Debug|x86.ActiveCfg = Debug|Any CPU
		{68752495-0CA4-4156-81A2-85889B359BD0}.Debug|x86.Build.0 = Debug|Any CPU
		{68752495-0CA4-4156-81A2-85889B359BD0}.Release|Any CPU.ActiveCfg = Release|Any CPU
		{68752495-0CA4-4156-81A2-85889B359BD0}.Release|Any CPU.Build.0 = Release|Any CPU
		{68752495-0CA4-4156-81A2-85889B359BD0}.Release|ARM.ActiveCfg = Release|Any CPU
		{68752495-0CA4-4156-81A2-85889B359BD0}.Release|ARM.Build.0 = Release|Any CPU
		{68752495-0CA4-4156-81A2-85889B359BD0}.Release|ARM64.ActiveCfg = Release|Any CPU
		{68752495-0CA4-4156-81A2-85889B359BD0}.Release|ARM64.Build.0 = Release|Any CPU
		{68752495-0CA4-4156-81A2-85889B359BD0}.Release|x64.ActiveCfg = Release|Any CPU
		{68752495-0CA4-4156-81A2-85889B359BD0}.Release|x64.Build.0 = Release|Any CPU
		{68752495-0CA4-4156-81A2-85889B359BD0}.Release|x86.ActiveCfg = Release|Any CPU
		{68752495-0CA4-4156-81A2-85889B359BD0}.Release|x86.Build.0 = Release|Any CPU
		{28048F12-82E4-41AB-9B65-C201BF199C8E}.Debug|Any CPU.ActiveCfg = Debug|Any CPU
		{28048F12-82E4-41AB-9B65-C201BF199C8E}.Debug|Any CPU.Build.0 = Debug|Any CPU
		{28048F12-82E4-41AB-9B65-C201BF199C8E}.Debug|ARM.ActiveCfg = Debug|Any CPU
		{28048F12-82E4-41AB-9B65-C201BF199C8E}.Debug|ARM.Build.0 = Debug|Any CPU
		{28048F12-82E4-41AB-9B65-C201BF199C8E}.Debug|ARM64.ActiveCfg = Debug|Any CPU
		{28048F12-82E4-41AB-9B65-C201BF199C8E}.Debug|ARM64.Build.0 = Debug|Any CPU
		{28048F12-82E4-41AB-9B65-C201BF199C8E}.Debug|x64.ActiveCfg = Debug|Any CPU
		{28048F12-82E4-41AB-9B65-C201BF199C8E}.Debug|x64.Build.0 = Debug|Any CPU
		{28048F12-82E4-41AB-9B65-C201BF199C8E}.Debug|x86.ActiveCfg = Debug|Any CPU
		{28048F12-82E4-41AB-9B65-C201BF199C8E}.Debug|x86.Build.0 = Debug|Any CPU
		{28048F12-82E4-41AB-9B65-C201BF199C8E}.Release|Any CPU.ActiveCfg = Release|Any CPU
		{28048F12-82E4-41AB-9B65-C201BF199C8E}.Release|Any CPU.Build.0 = Release|Any CPU
		{28048F12-82E4-41AB-9B65-C201BF199C8E}.Release|ARM.ActiveCfg = Release|Any CPU
		{28048F12-82E4-41AB-9B65-C201BF199C8E}.Release|ARM.Build.0 = Release|Any CPU
		{28048F12-82E4-41AB-9B65-C201BF199C8E}.Release|ARM64.ActiveCfg = Release|Any CPU
		{28048F12-82E4-41AB-9B65-C201BF199C8E}.Release|ARM64.Build.0 = Release|Any CPU
		{28048F12-82E4-41AB-9B65-C201BF199C8E}.Release|x64.ActiveCfg = Release|Any CPU
		{28048F12-82E4-41AB-9B65-C201BF199C8E}.Release|x64.Build.0 = Release|Any CPU
		{28048F12-82E4-41AB-9B65-C201BF199C8E}.Release|x86.ActiveCfg = Release|Any CPU
		{28048F12-82E4-41AB-9B65-C201BF199C8E}.Release|x86.Build.0 = Release|Any CPU
	EndGlobalSection
	GlobalSection(SolutionProperties) = preSolution
		HideSolutionNode = FALSE
	EndGlobalSection
	GlobalSection(NestedProjects) = preSolution
		{C1150C9E-F50D-4BD0-A6A9-6F654D9D18D1} = {E041906D-6E49-4A58-9E6C-3158A11CA8CA}
		{F97AAF54-1456-4404-B960-A189C25DC387} = {E041906D-6E49-4A58-9E6C-3158A11CA8CA}
		{E2289F43-47FA-47F7-941C-6A7F211E3C3C} = {C1150C9E-F50D-4BD0-A6A9-6F654D9D18D1}
		{BF45690B-9DD8-4E8A-9D41-0BEC309F2795} = {C1150C9E-F50D-4BD0-A6A9-6F654D9D18D1}
		{014506A7-2013-4A74-B50E-BE9D52C643B2} = {C1150C9E-F50D-4BD0-A6A9-6F654D9D18D1}
		{99461EF9-1AF5-4648-9FA6-EB5B55C960B3} = {F97AAF54-1456-4404-B960-A189C25DC387}
		{56B446C2-9C40-4CEE-A912-2B6C0A2ADCBB} = {E5520FD2-A1A5-4BD5-BA7F-28816E8E710D}
		{7E674BE2-11E5-4ECF-A08D-9282FEDF2043} = {E5520FD2-A1A5-4BD5-BA7F-28816E8E710D}
		{68752495-0CA4-4156-81A2-85889B359BD0} = {E5520FD2-A1A5-4BD5-BA7F-28816E8E710D}
	EndGlobalSection
	GlobalSection(ExtensibilityGlobals) = postSolution
		SolutionGuid = {F555CA2A-9B4E-4950-952A-9BE30BBCFA66}
	EndGlobalSection
EndGlobal
